// !$*UTF8*$!
{
	archiveVersion = 1;
	classes = {
	};
	objectVersion = 46;
	objects = {

/* Begin PBXBuildFile section */
		FE973A8B1BE79C7A00340BDB /* DiagnosedHappinessViewController.swift in Sources */ = {isa = PBXBuildFile; fileRef = FE973A8A1BE79C7A00340BDB /* DiagnosedHappinessViewController.swift */; };
		FEC3427D1BE72866007461BE /* AppDelegate.swift in Sources */ = {isa = PBXBuildFile; fileRef = FEC3427C1BE72866007461BE /* AppDelegate.swift */; };
		FEC3427F1BE72866007461BE /* PsychologistViewController.swift in Sources */ = {isa = PBXBuildFile; fileRef = FEC3427E1BE72866007461BE /* PsychologistViewController.swift */; };
		FEC342821BE72866007461BE /* Main.storyboard in Resources */ = {isa = PBXBuildFile; fileRef = FEC342801BE72866007461BE /* Main.storyboard */; };
		FEC342841BE72866007461BE /* Assets.xcassets in Resources */ = {isa = PBXBuildFile; fileRef = FEC342831BE72866007461BE /* Assets.xcassets */; };
		FEC342871BE72866007461BE /* LaunchScreen.storyboard in Resources */ = {isa = PBXBuildFile; fileRef = FEC342851BE72866007461BE /* LaunchScreen.storyboard */; };
		FEC342901BE72CE9007461BE /* HappinessViewController.swift in Sources */ = {isa = PBXBuildFile; fileRef = FEC3428E1BE72CE9007461BE /* HappinessViewController.swift */; };
		FEC342911BE72CE9007461BE /* FaceView.swift in Sources */ = {isa = PBXBuildFile; fileRef = FEC3428F1BE72CE9007461BE /* FaceView.swift */; };
		FEDA81271BE799AC00E71BD5 /* TextViewController.swift in Sources */ = {isa = PBXBuildFile; fileRef = FEDA81261BE799AC00E71BD5 /* TextViewController.swift */; };
/* End PBXBuildFile section */

/* Begin PBXFileReference section */
		FE973A8A1BE79C7A00340BDB /* DiagnosedHappinessViewController.swift */ = {isa = PBXFileReference; fileEncoding = 4; lastKnownFileType = sourcecode.swift; path = DiagnosedHappinessViewController.swift; sourceTree = "<group>"; };
		FEC342791BE72866007461BE /* Psychologist.app */ = {isa = PBXFileReference; explicitFileType = wrapper.application; includeInIndex = 0; path = Psychologist.app; sourceTree = BUILT_PRODUCTS_DIR; };
		FEC3427C1BE72866007461BE /* AppDelegate.swift */ = {isa = PBXFileReference; lastKnownFileType = sourcecode.swift; path = AppDelegate.swift; sourceTree = "<group>"; };
		FEC3427E1BE72866007461BE /* PsychologistViewController.swift */ = {isa = PBXFileReference; lastKnownFileType = sourcecode.swift; path = PsychologistViewController.swift; sourceTree = "<group>"; };
		FEC342811BE72866007461BE /* Base */ = {isa = PBXFileReference; lastKnownFileType = file.storyboard; name = Base; path = Base.lproj/Main.storyboard; sourceTree = "<group>"; };
		FEC342831BE72866007461BE /* Assets.xcassets */ = {isa = PBXFileReference; lastKnownFileType = folder.assetcatalog; path = Assets.xcassets; sourceTree = "<group>"; };
		FEC342861BE72866007461BE /* Base */ = {isa = PBXFileReference; lastKnownFileType = file.storyboard; name = Base; path = Base.lproj/LaunchScreen.storyboard; sourceTree = "<group>"; };
		FEC342881BE72866007461BE /* Info.plist */ = {isa = PBXFileReference; lastKnownFileType = text.plist.xml; path = Info.plist; sourceTree = "<group>"; };
		FEC3428E1BE72CE9007461BE /* HappinessViewController.swift */ = {isa = PBXFileReference; fileEncoding = 4; lastKnownFileType = sourcecode.swift; path = HappinessViewController.swift; sourceTree = "<group>"; };
		FEC3428F1BE72CE9007461BE /* FaceView.swift */ = {isa = PBXFileReference; fileEncoding = 4; lastKnownFileType = sourcecode.swift; path = FaceView.swift; sourceTree = "<group>"; };
		FEDA81261BE799AC00E71BD5 /* TextViewController.swift */ = {isa = PBXFileReference; fileEncoding = 4; lastKnownFileType = sourcecode.swift; path = TextViewController.swift; sourceTree = "<group>"; };
/* End PBXFileReference section */

/* Begin PBXFrameworksBuildPhase section */
		FEC342761BE72866007461BE /* Frameworks */ = {
			isa = PBXFrameworksBuildPhase;
			buildActionMask = 2147483647;
			files = (
			);
			runOnlyForDeploymentPostprocessing = 0;
		};
/* End PBXFrameworksBuildPhase section */

/* Begin PBXGroup section */
		FEC342701BE72866007461BE = {
			isa = PBXGroup;
			children = (
				FEC3427B1BE72866007461BE /* Psychologist */,
				FEC3427A1BE72866007461BE /* Products */,
			);
			sourceTree = "<group>";
		};
		FEC3427A1BE72866007461BE /* Products */ = {
			isa = PBXGroup;
			children = (
				FEC342791BE72866007461BE /* Psychologist.app */,
			);
			name = Products;
			sourceTree = "<group>";
		};
		FEC3427B1BE72866007461BE /* Psychologist */ = {
			isa = PBXGroup;
			children = (
				FEC3427C1BE72866007461BE /* AppDelegate.swift */,
				FEC3427E1BE72866007461BE /* PsychologistViewController.swift */,
				FE973A8A1BE79C7A00340BDB /* DiagnosedHappinessViewController.swift */,
				FEC3428E1BE72CE9007461BE /* HappinessViewController.swift */,
				FEDA81261BE799AC00E71BD5 /* TextViewController.swift */,
				FEC3428F1BE72CE9007461BE /* FaceView.swift */,
				FEC342801BE72866007461BE /* Main.storyboard */,
				FEC342831BE72866007461BE /* Assets.xcassets */,
				FEC342851BE72866007461BE /* LaunchScreen.storyboard */,
				FEC342881BE72866007461BE /* Info.plist */,
			);
			path = Psychologist;
			sourceTree = "<group>";
		};
/* End PBXGroup section */

/* Begin PBXNativeTarget section */
		FEC342781BE72866007461BE /* Psychologist */ = {
			isa = PBXNativeTarget;
			buildConfigurationList = FEC3428B1BE72866007461BE /* Build configuration list for PBXNativeTarget "Psychologist" */;
			buildPhases = (
				FEC342751BE72866007461BE /* Sources */,
				FEC342761BE72866007461BE /* Frameworks */,
				FEC342771BE72866007461BE /* Resources */,
			);
			buildRules = (
			);
			dependencies = (
			);
			name = Psychologist;
			productName = Psychologist;
			productReference = FEC342791BE72866007461BE /* Psychologist.app */;
			productType = "com.apple.product-type.application";
		};
/* End PBXNativeTarget section */

/* Begin PBXProject section */
		FEC342711BE72866007461BE /* Project object */ = {
			isa = PBXProject;
			attributes = {
				LastSwiftUpdateCheck = 0710;
				LastUpgradeCheck = 0710;
				ORGANIZATIONNAME = CostardRouge;
				TargetAttributes = {
					FEC342781BE72866007461BE = {
						CreatedOnToolsVersion = 7.1;
					};
				};
			};
			buildConfigurationList = FEC342741BE72866007461BE /* Build configuration list for PBXProject "Psychologist" */;
			compatibilityVersion = "Xcode 3.2";
			developmentRegion = English;
			hasScannedForEncodings = 0;
			knownRegions = (
				en,
				Base,
			);
			mainGroup = FEC342701BE72866007461BE;
			productRefGroup = FEC3427A1BE72866007461BE /* Products */;
			projectDirPath = "";
			projectRoot = "";
			targets = (
				FEC342781BE72866007461BE /* Psychologist */,
			);
		};
/* End PBXProject section */

/* Begin PBXResourcesBuildPhase section */
		FEC342771BE72866007461BE /* Resources */ = {
			isa = PBXResourcesBuildPhase;
			buildActionMask = 2147483647;
			files = (
				FEC342871BE72866007461BE /* LaunchScreen.storyboard in Resources */,
				FEC342841BE72866007461BE /* Assets.xcassets in Resources */,
				FEC342821BE72866007461BE /* Main.storyboard in Resources */,
			);
			runOnlyForDeploymentPostprocessing = 0;
		};
/* End PBXResourcesBuildPhase section */

/* Begin PBXSourcesBuildPhase section */
		FEC342751BE72866007461BE /* Sources */ = {
			isa = PBXSourcesBuildPhase;
			buildActionMask = 2147483647;
			files = (
				FEDA81271BE799AC00E71BD5 /* TextViewController.swift in Sources */,
				FEC3427F1BE72866007461BE /* PsychologistViewController.swift in Sources */,
				FEC342901BE72CE9007461BE /* HappinessViewController.swift in Sources */,
				FE973A8B1BE79C7A00340BDB /* DiagnosedHappinessViewController.swift in Sources */,
				FEC3427D1BE72866007461BE /* AppDelegate.swift in Sources */,
				FEC342911BE72CE9007461BE /* FaceView.swift in Sources */,
			);
			runOnlyForDeploymentPostprocessing = 0;
		};
/* End PBXSourcesBuildPhase section */

/* Begin PBXVariantGroup section */
		FEC342801BE72866007461BE /* Main.storyboard */ = {
			isa = PBXVariantGroup;
			children = (
				FEC342811BE72866007461BE /* Base */,
			);
			name = Main.storyboard;
			sourceTree = "<group>";
		};
		FEC342851BE72866007461BE /* LaunchScreen.storyboard */ = {
			isa = PBXVariantGroup;
			children = (
				FEC342861BE72866007461BE /* Base */,
			);
			name = LaunchScreen.storyboard;
			sourceTree = "<group>";
		};
/* End PBXVariantGroup section */

/* Begin XCBuildConfiguration section */
		FEC342891BE72866007461BE /* Debug */ = {
			isa = XCBuildConfiguration;
			buildSettings = {
				ALWAYS_SEARCH_USER_PATHS = NO;
				CLANG_CXX_LANGUAGE_STANDARD = "gnu++0x";
				CLANG_CXX_LIBRARY = "libc++";
				CLANG_ENABLE_MODULES = YES;
				CLANG_ENABLE_OBJC_ARC = YES;
				CLANG_WARN_BOOL_CONVERSION = YES;
				CLANG_WARN_CONSTANT_CONVERSION = YES;
				CLANG_WARN_DIRECT_OBJC_ISA_USAGE = YES_ERROR;
				CLANG_WARN_EMPTY_BODY = YES;
				CLANG_WARN_ENUM_CONVERSION = YES;
				CLANG_WARN_INT_CONVERSION = YES;
				CLANG_WARN_OBJC_ROOT_CLASS = YES_ERROR;
				CLANG_WARN_UNREACHABLE_CODE = YES;
				CLANG_WARN__DUPLICATE_METHOD_MATCH = YES;
				"CODE_SIGN_IDENTITY[sdk=iphoneos*]" = "iPhone Developer";
				COPY_PHASE_STRIP = NO;
				DEBUG_INFORMATION_FORMAT = dwarf;
				ENABLE_STRICT_OBJC_MSGSEND = YES;
				ENABLE_TESTABILITY = YES;
				GCC_C_LANGUAGE_STANDARD = gnu99;
				GCC_DYNAMIC_NO_PIC = NO;
				GCC_NO_COMMON_BLOCKS = YES;
				GCC_OPTIMIZATION_LEVEL = 0;
				GCC_PREPROCESSOR_DEFINITIONS = (
					"DEBUG=1",
					"$(inherited)",
				);
				GCC_WARN_64_TO_32_BIT_CONVERSION = YES;
				GCC_WARN_ABOUT_RETURN_TYPE = YES_ERROR;
				GCC_WARN_UNDECLARED_SELECTOR = YES;
				GCC_WARN_UNINITIALIZED_AUTOS = YES_AGGRESSIVE;
				GCC_WARN_UNUSED_FUNCTION = YES;
				GCC_WARN_UNUSED_VARIABLE = YES;
				IPHONEOS_DEPLOYMENT_TARGET = 9.1;
				MTL_ENABLE_DEBUG_INFO = YES;
				ONLY_ACTIVE_ARCH = YES;
				SDKROOT = iphoneos;
				SWIFT_OPTIMIZATION_LEVEL = "-Onone";
				TARGETED_DEVICE_FAMILY = "1,2";
			};
			name = Debug;
		};
		FEC3428A1BE72866007461BE /* Release */ = {
			isa = XCBuildConfiguration;
			buildSettings = {
				ALWAYS_SEARCH_USER_PATHS = NO;
				CLANG_CXX_LANGUAGE_STANDARD = "gnu++0x";
				CLANG_CXX_LIBRARY = "libc++";
				CLANG_ENABLE_MODULES = YES;
				CLANG_ENABLE_OBJC_ARC = YES;
				CLANG_WARN_BOOL_CONVERSION = YES;
				CLANG_WARN_CONSTANT_CONVERSION = YES;
				CLANG_WARN_DIRECT_OBJC_ISA_USAGE = YES_ERROR;
				CLANG_WARN_EMPTY_BODY = YES;
				CLANG_WARN_ENUM_CONVERSION = YES;
				CLANG_WARN_INT_CONVERSION = YES;
				CLANG_WARN_OBJC_ROOT_CLASS = YES_ERROR;
				CLANG_WARN_UNREACHABLE_CODE = YES;
				CLANG_WARN__DUPLICATE_METHOD_MATCH = YES;
				"CODE_SIGN_IDENTITY[sdk=iphoneos*]" = "iPhone Developer";
				COPY_PHASE_STRIP = NO;
				DEBUG_INFORMATION_FORMAT = "dwarf-with-dsym";
				ENABLE_NS_ASSERTIONS = NO;
				ENABLE_STRICT_OBJC_MSGSEND = YES;
				GCC_C_LANGUAGE_STANDARD = gnu99;
				GCC_NO_COMMON_BLOCKS = YES;
				GCC_WARN_64_TO_32_BIT_CONVERSION = YES;
				GCC_WARN_ABOUT_RETURN_TYPE = YES_ERROR;
				GCC_WARN_UNDECLARED_SELECTOR = YES;
				GCC_WARN_UNINITIALIZED_AUTOS = YES_AGGRESSIVE;
				GCC_WARN_UNUSED_FUNCTION = YES;
				GCC_WARN_UNUSED_VARIABLE = YES;
				IPHONEOS_DEPLOYMENT_TARGET = 9.1;
				MTL_ENABLE_DEBUG_INFO = NO;
				SDKROOT = iphoneos;
				TARGETED_DEVICE_FAMILY = "1,2";
				VALIDATE_PRODUCT = YES;
			};
			name = Release;
		};
		FEC3428C1BE72866007461BE /* Debug */ = {
			isa = XCBuildConfiguration;
			buildSettings = {
				ASSETCATALOG_COMPILER_APPICON_NAME = AppIcon;
				INFOPLIST_FILE = Psychologist/Info.plist;
				IPHONEOS_DEPLOYMENT_TARGET = 9.0;
				LD_RUNPATH_SEARCH_PATHS = "$(inherited) @executable_path/Frameworks";
				PRODUCT_BUNDLE_IDENTIFIER = com.costardrouge.Psychologist;
				PRODUCT_NAME = "$(TARGET_NAME)";
			};
			name = Debug;
		};
		FEC3428D1BE72866007461BE /* Release */ = {
			isa = XCBuildConfiguration;
			buildSettings = {
				ASSETCATALOG_COMPILER_APPICON_NAME = AppIcon;
				INFOPLIST_FILE = Psychologist/Info.plist;
				IPHONEOS_DEPLOYMENT_TARGET = 9.0;
				LD_RUNPATH_SEARCH_PATHS = "$(inherited) @executable_path/Frameworks";
				PRODUCT_BUNDLE_IDENTIFIER = com.costardrouge.Psychologist;
				PRODUCT_NAME = "$(TARGET_NAME)";
			};
			name = Release;
		};
/* End XCBuildConfiguration section */

/* Begin XCConfigurationList section */
		FEC342741BE72866007461BE /* Build configuration list for PBXProject "Psychologist" */ = {
			isa = XCConfigurationList;
			buildConfigurations = (
				FEC342891BE72866007461BE /* Debug */,
				FEC3428A1BE72866007461BE /* Release */,
			);
			defaultConfigurationIsVisible = 0;
			defaultConfigurationName = Release;
		};
		FEC3428B1BE72866007461BE /* Build configuration list for PBXNativeTarget "Psychologist" */ = {
			isa = XCConfigurationList;
			buildConfigurations = (
				FEC3428C1BE72866007461BE /* Debug */,
				FEC3428D1BE72866007461BE /* Release */,
			);
			defaultConfigurationIsVisible = 0;
			defaultConfigurationName = Release;
		};
/* End XCConfigurationList section */
	};
	rootObject = FEC342711BE72866007461BE /* Project object */;
}
